
Microsoft Visual Studio Solution File, Format Version 12.00
# Visual Studio Version 17
VisualStudioVersion = 17.9.34701.34
MinimumVisualStudioVersion = 10.0.40219.1
Project("{FAE04EC0-301F-11D3-BF4B-00C04F79EFBC}") = "overload", "overload\overload.csproj", "{0251A5B4-24FA-45D4-807D-0BE2BE6E5755}"
EndProject
Global
	GlobalSection(SolutionConfigurationPlatforms) = preSolution
		Debug|Any CPU = Debug|Any CPU
		Release|Any CPU = Release|Any CPU
	EndGlobalSection
	GlobalSection(ProjectConfigurationPlatforms) = postSolution
		{0251A5B4-24FA-45D4-807D-0BE2BE6E5755}.Debug|Any CPU.ActiveCfg = Debug|Any CPU
		{0251A5B4-24FA-45D4-807D-0BE2BE6E5755}.Debug|Any CPU.Build.0 = Debug|Any CPU
		{0251A5B4-24FA-45D4-807D-0BE2BE6E5755}.Release|Any CPU.ActiveCfg = Release|Any CPU
		{0251A5B4-24FA-45D4-807D-0BE2BE6E5755}.Release|Any CPU.Build.0 = Release|Any CPU
	EndGlobalSection
	GlobalSection(SolutionProperties) = preSolution
		HideSolutionNode = FALSE
	EndGlobalSection
	GlobalSection(ExtensibilityGlobals) = postSolution
		SolutionGuid = {1D35D449-74C2-4FD6-A06E-DD701F3E903A}
	EndGlobalSection
EndGlobal
